
Microsoft Visual Studio Solution File, Format Version 12.00
# Visual Studio Version 16
VisualStudioVersion = 16.0.31129.286
MinimumVisualStudioVersion = 10.0.40219.1
Project("{9A19103F-16F7-4668-BE54-9A1E7A4F7556}") = "BootcampBooksHomework", "BootcampBooksHomework\BootcampBooksHomework.csproj", "{577A5955-4E6E-4F2D-8F45-A91203E345EB}"
EndProject
Project("{9A19103F-16F7-4668-BE54-9A1E7A4F7556}") = "BootcampBooksHomeworkDTO", "BootcampBooksHomeworkDTO\BootcampBooksHomeworkDTO.csproj", "{C9EDA76F-9533-4D78-B247-181D8EB511F9}"
EndProject
Project("{9A19103F-16F7-4668-BE54-9A1E7A4F7556}") = "BootcampBooksHomeworkCore", "BootcampBooksHomeworkCore\BootcampBooksHomeworkCore.csproj", "{293DB7D1-E934-4EB5-82C1-A7C0ED67843F}"
EndProject
Project("{FAE04EC0-301F-11D3-BF4B-00C04F79EFBC}") = "BootcampBooksHomeworkBusiness", "BootcampBooksHomeworkBusiness\BootcampBooksHomeworkBusiness.csproj", "{15232A4F-5FAC-48B2-B5C3-FCE33753E7D4}"
EndProject
Global
	GlobalSection(SolutionConfigurationPlatforms) = preSolution
		Debug|Any CPU = Debug|Any CPU
		Release|Any CPU = Release|Any CPU
	EndGlobalSection
	GlobalSection(ProjectConfigurationPlatforms) = postSolution
		{577A5955-4E6E-4F2D-8F45-A91203E345EB}.Debug|Any CPU.ActiveCfg = Debug|Any CPU
		{577A5955-4E6E-4F2D-8F45-A91203E345EB}.Debug|Any CPU.Build.0 = Debug|Any CPU
		{577A5955-4E6E-4F2D-8F45-A91203E345EB}.Release|Any CPU.ActiveCfg = Release|Any CPU
		{577A5955-4E6E-4F2D-8F45-A91203E345EB}.Release|Any CPU.Build.0 = Release|Any CPU
		{C9EDA76F-9533-4D78-B247-181D8EB511F9}.Debug|Any CPU.ActiveCfg = Debug|Any CPU
		{C9EDA76F-9533-4D78-B247-181D8EB511F9}.Debug|Any CPU.Build.0 = Debug|Any CPU
		{C9EDA76F-9533-4D78-B247-181D8EB511F9}.Release|Any CPU.ActiveCfg = Release|Any CPU
		{C9EDA76F-9533-4D78-B247-181D8EB511F9}.Release|Any CPU.Build.0 = Release|Any CPU
		{293DB7D1-E934-4EB5-82C1-A7C0ED67843F}.Debug|Any CPU.ActiveCfg = Debug|Any CPU
		{293DB7D1-E934-4EB5-82C1-A7C0ED67843F}.Debug|Any CPU.Build.0 = Debug|Any CPU
		{293DB7D1-E934-4EB5-82C1-A7C0ED67843F}.Release|Any CPU.ActiveCfg = Release|Any CPU
		{293DB7D1-E934-4EB5-82C1-A7C0ED67843F}.Release|Any CPU.Build.0 = Release|Any CPU
		{15232A4F-5FAC-48B2-B5C3-FCE33753E7D4}.Debug|Any CPU.ActiveCfg = Debug|Any CPU
		{15232A4F-5FAC-48B2-B5C3-FCE33753E7D4}.Debug|Any CPU.Build.0 = Debug|Any CPU
		{15232A4F-5FAC-48B2-B5C3-FCE33753E7D4}.Release|Any CPU.ActiveCfg = Release|Any CPU
		{15232A4F-5FAC-48B2-B5C3-FCE33753E7D4}.Release|Any CPU.Build.0 = Release|Any CPU
	EndGlobalSection
	GlobalSection(SolutionProperties) = preSolution
		HideSolutionNode = FALSE
	EndGlobalSection
	GlobalSection(ExtensibilityGlobals) = postSolution
		SolutionGuid = {A3385058-380B-46E6-8408-0F0E59226729}
	EndGlobalSection
EndGlobal
